
Microsoft Visual Studio Solution File, Format Version 11.00
# Visual Studio 2010
Project("{FAE04EC0-301F-11D3-BF4B-00C04F79EFBC}") = "MvcApplicationRazorGeneratorSeparateLibrary", "MvcApplicationRazorGeneratorSeparateLibrary\MvcApplicationRazorGeneratorSeparateLibrary.csproj", "{F96AE084-34BD-4217-B523-8E2230C5C0AB}"
EndProject
Project("{FAE04EC0-301F-11D3-BF4B-00C04F79EFBC}") = "LibraryViewProject", "LibraryViewProject\LibraryViewProject.csproj", "{FC8D7B0B-DFE1-446E-BB36-2E86CA64E6DB}"
EndProject
Global
	GlobalSection(SolutionConfigurationPlatforms) = preSolution
		Debug|Any CPU = Debug|Any CPU
		Release|Any CPU = Release|Any CPU
	EndGlobalSection
	GlobalSection(ProjectConfigurationPlatforms) = postSolution
		{F96AE084-34BD-4217-B523-8E2230C5C0AB}.Debug|Any CPU.ActiveCfg = Debug|Any CPU
		{F96AE084-34BD-4217-B523-8E2230C5C0AB}.Debug|Any CPU.Build.0 = Debug|Any CPU
		{F96AE084-34BD-4217-B523-8E2230C5C0AB}.Release|Any CPU.ActiveCfg = Release|Any CPU
		{F96AE084-34BD-4217-B523-8E2230C5C0AB}.Release|Any CPU.Build.0 = Release|Any CPU
		{FC8D7B0B-DFE1-446E-BB36-2E86CA64E6DB}.Debug|Any CPU.ActiveCfg = Debug|Any CPU
		{FC8D7B0B-DFE1-446E-BB36-2E86CA64E6DB}.Debug|Any CPU.Build.0 = Debug|Any CPU
		{FC8D7B0B-DFE1-446E-BB36-2E86CA64E6DB}.Release|Any CPU.ActiveCfg = Release|Any CPU
		{FC8D7B0B-DFE1-446E-BB36-2E86CA64E6DB}.Release|Any CPU.Build.0 = Release|Any CPU
	EndGlobalSection
	GlobalSection(SolutionProperties) = preSolution
		HideSolutionNode = FALSE
	EndGlobalSection
EndGlobal
